
Microsoft Visual Studio Solution File, Format Version 12.00
Project("{FAE04EC0-301F-11D3-BF4B-00C04F79EFBC}") = "Bk.Cube.Dimension", "Bk.Cube.Dimension\Bk.Cube.Dimension.csproj", "{4A838D4B-A526-4CD7-955C-6214810E4660}"
EndProject
Project("{FAE04EC0-301F-11D3-BF4B-00C04F79EFBC}") = "Bk.Cube.Dimension.Test", "Bk.Cube.Dimension.Test\Bk.Cube.Dimension.Test.csproj", "{2ACD1A60-858E-4D90-BD91-24806963E7EB}"
EndProject
Global
	GlobalSection(SolutionConfigurationPlatforms) = preSolution
		Debug|Any CPU = Debug|Any CPU
		Release|Any CPU = Release|Any CPU
	EndGlobalSection
	GlobalSection(ProjectConfigurationPlatforms) = postSolution
		{4A838D4B-A526-4CD7-955C-6214810E4660}.Debug|Any CPU.ActiveCfg = Debug|Any CPU
		{4A838D4B-A526-4CD7-955C-6214810E4660}.Debug|Any CPU.Build.0 = Debug|Any CPU
		{4A838D4B-A526-4CD7-955C-6214810E4660}.Release|Any CPU.ActiveCfg = Release|Any CPU
		{4A838D4B-A526-4CD7-955C-6214810E4660}.Release|Any CPU.Build.0 = Release|Any CPU
		{2ACD1A60-858E-4D90-BD91-24806963E7EB}.Debug|Any CPU.ActiveCfg = Debug|Any CPU
		{2ACD1A60-858E-4D90-BD91-24806963E7EB}.Debug|Any CPU.Build.0 = Debug|Any CPU
		{2ACD1A60-858E-4D90-BD91-24806963E7EB}.Release|Any CPU.ActiveCfg = Release|Any CPU
		{2ACD1A60-858E-4D90-BD91-24806963E7EB}.Release|Any CPU.Build.0 = Release|Any CPU
	EndGlobalSection
EndGlobal
